
Microsoft Visual Studio Solution File, Format Version 12.00
# Visual Studio Version 17
VisualStudioVersion = 17.8.34408.163
MinimumVisualStudioVersion = 10.0.40219.1
Project("{888888A0-9F3D-457C-B088-3A5042F75D52}") = "AllInOneAccounts", "AllInOneAccounts\AllInOneAccounts.pyproj", "{EF879DE4-D11C-4D70-873B-9E78EE1AB3FD}"
EndProject
Global
	GlobalSection(SolutionConfigurationPlatforms) = preSolution
		Debug|Any CPU = Debug|Any CPU
		Release|Any CPU = Release|Any CPU
	EndGlobalSection
	GlobalSection(ProjectConfigurationPlatforms) = postSolution
		{EF879DE4-D11C-4D70-873B-9E78EE1AB3FD}.Debug|Any CPU.ActiveCfg = Debug|Any CPU
		{EF879DE4-D11C-4D70-873B-9E78EE1AB3FD}.Release|Any CPU.ActiveCfg = Release|Any CPU
	EndGlobalSection
	GlobalSection(SolutionProperties) = preSolution
		HideSolutionNode = FALSE
	EndGlobalSection
	GlobalSection(ExtensibilityGlobals) = postSolution
		SolutionGuid = {8F48E5D3-66FE-44E1-9EA4-A5DDEF3BD458}
	EndGlobalSection
EndGlobal
